
Microsoft Visual Studio Solution File, Format Version 12.00
# Visual Studio Version 18
VisualStudioVersion = 18.7.11919.86 stable
MinimumVisualStudioVersion = 10.0.40219.1
Project("{FAE04EC0-301F-11D3-BF4B-00C04F79EFBC}") = "RMGym", "RMGym\RMGym.csproj", "{F1E6B610-09FD-4E08-9D10-AFB63614A102}"
EndProject
Project("{2150E333-8FDC-42A3-9474-1A3956D46DE8}") = "Solution Items", "Solution Items", "{8EC462FD-D22E-90A8-E5CE-7E832BA40C5D}"
	ProjectSection(SolutionItems) = preProject
		.gitignore = .gitignore
	EndProjectSection
EndProject
Global
	GlobalSection(SolutionConfigurationPlatforms) = preSolution
		Debug|Any CPU = Debug|Any CPU
		Release|Any CPU = Release|Any CPU
	EndGlobalSection
	GlobalSection(ProjectConfigurationPlatforms) = postSolution
		{F1E6B610-09FD-4E08-9D10-AFB63614A102}.Debug|Any CPU.ActiveCfg = Debug|Any CPU
		{F1E6B610-09FD-4E08-9D10-AFB63614A102}.Debug|Any CPU.Build.0 = Debug|Any CPU
		{F1E6B610-09FD-4E08-9D10-AFB63614A102}.Release|Any CPU.ActiveCfg = Release|Any CPU
		{F1E6B610-09FD-4E08-9D10-AFB63614A102}.Release|Any CPU.Build.0 = Release|Any CPU
	EndGlobalSection
	GlobalSection(SolutionProperties) = preSolution
		HideSolutionNode = FALSE
	EndGlobalSection
	GlobalSection(ExtensibilityGlobals) = postSolution
		SolutionGuid = {BD2FA553-5EA8-41C3-9F59-FB79B50089A3}
	EndGlobalSection
EndGlobal
